
Microsoft Visual Studio Solution File, Format Version 12.00
# Visual Studio 15
VisualStudioVersion = 15.0.28307.136
MinimumVisualStudioVersion = 10.0.40219.1
Project("{FAE04EC0-301F-11D3-BF4B-00C04F79EFBC}") = "WASTecnologia.Musicas.Web", "WASTecnologia.Musicas.Web\WASTecnologia.Musicas.Web.csproj", "{07FFE693-DFDF-45B6-B822-07ECB55DB31D}"
EndProject
Global
	GlobalSection(SolutionConfigurationPlatforms) = preSolution
		Debug|Any CPU = Debug|Any CPU
		Release|Any CPU = Release|Any CPU
	EndGlobalSection
	GlobalSection(ProjectConfigurationPlatforms) = postSolution
		{07FFE693-DFDF-45B6-B822-07ECB55DB31D}.Debug|Any CPU.ActiveCfg = Debug|Any CPU
		{07FFE693-DFDF-45B6-B822-07ECB55DB31D}.Debug|Any CPU.Build.0 = Debug|Any CPU
		{07FFE693-DFDF-45B6-B822-07ECB55DB31D}.Release|Any CPU.ActiveCfg = Release|Any CPU
		{07FFE693-DFDF-45B6-B822-07ECB55DB31D}.Release|Any CPU.Build.0 = Release|Any CPU
	EndGlobalSection
	GlobalSection(SolutionProperties) = preSolution
		HideSolutionNode = FALSE
	EndGlobalSection
	GlobalSection(ExtensibilityGlobals) = postSolution
		SolutionGuid = {979E3396-B753-4E97-8361-A2F56F6A9953}
	EndGlobalSection
EndGlobal
